
Microsoft Visual Studio Solution File, Format Version 12.00
# Visual Studio 14
VisualStudioVersion = 14.0.25420.1
MinimumVisualStudioVersion = 10.0.40219.1
Project("{E24C65DC-7377-472B-9ABA-BC803B73C61A}") = "Assign4Final", "..\Assign4Final\", "{DF156468-1C61-4B47-B4D0-38AF59E6F148}"
	ProjectSection(WebsiteProperties) = preProject
		TargetFrameworkMoniker = ".NETFramework,Version%3Dv4.5.2"
		Debug.AspNetCompiler.VirtualPath = "/localhost_63557"
		Debug.AspNetCompiler.PhysicalPath = "..\Assign4Final\"
		Debug.AspNetCompiler.TargetPath = "PrecompiledWeb\localhost_63557\"
		Debug.AspNetCompiler.Updateable = "true"
		Debug.AspNetCompiler.ForceOverwrite = "true"
		Debug.AspNetCompiler.FixedNames = "false"
		Debug.AspNetCompiler.Debug = "True"
		Release.AspNetCompiler.VirtualPath = "/localhost_63557"
		Release.AspNetCompiler.PhysicalPath = "..\Assign4Final\"
		Release.AspNetCompiler.TargetPath = "PrecompiledWeb\localhost_63557\"
		Release.AspNetCompiler.Updateable = "true"
		Release.AspNetCompiler.ForceOverwrite = "true"
		Release.AspNetCompiler.FixedNames = "false"
		Release.AspNetCompiler.Debug = "False"
		VWDPort = "63557"
		SlnRelativePath = "..\Assign4Final\"
		DefaultWebSiteLanguage = "Visual C#"
	EndProjectSection
EndProject
Global
	GlobalSection(SolutionConfigurationPlatforms) = preSolution
		Debug|Any CPU = Debug|Any CPU
	EndGlobalSection
	GlobalSection(ProjectConfigurationPlatforms) = postSolution
		{DF156468-1C61-4B47-B4D0-38AF59E6F148}.Debug|Any CPU.ActiveCfg = Debug|Any CPU
		{DF156468-1C61-4B47-B4D0-38AF59E6F148}.Debug|Any CPU.Build.0 = Debug|Any CPU
	EndGlobalSection
	GlobalSection(SolutionProperties) = preSolution
		HideSolutionNode = FALSE
	EndGlobalSection
EndGlobal
